// !$*UTF8*$!
{
	archiveVersion = 1;
	classes = {
	};
	objectVersion = 56;
	objects = {

/* Begin PBXBuildFile section */
		2C2D6AAA2C3846B900CD5307 /* HabitOrEventViewController.swift in Sources */ = {isa = PBXBuildFile; fileRef = 2C2D6AA92C3846B900CD5307 /* HabitOrEventViewController.swift */; };
		2C2D6AAD2C386C5F00CD5307 /* HabitViewController.swift in Sources */ = {isa = PBXBuildFile; fileRef = 2C2D6AAC2C386C5F00CD5307 /* HabitViewController.swift */; };
		2C2D6AAF2C38886200CD5307 /* HabitOrEventSettingsCell.swift in Sources */ = {isa = PBXBuildFile; fileRef = 2C2D6AAE2C38886200CD5307 /* HabitOrEventSettingsCell.swift */; };
		2CA368242C359076009633A1 /* Tracker.swift in Sources */ = {isa = PBXBuildFile; fileRef = 2CA368232C359076009633A1 /* Tracker.swift */; };
		2CA368262C359084009633A1 /* TrackerCategory.swift in Sources */ = {isa = PBXBuildFile; fileRef = 2CA368252C359084009633A1 /* TrackerCategory.swift */; };
		2CA368282C359093009633A1 /* TrackerRecord.swift in Sources */ = {isa = PBXBuildFile; fileRef = 2CA368272C359093009633A1 /* TrackerRecord.swift */; };
		2CA3682B2C359230009633A1 /* Weekdays.swift in Sources */ = {isa = PBXBuildFile; fileRef = 2CA3682A2C359230009633A1 /* Weekdays.swift */; };
		2CA3682E2C35D113009633A1 /* TrackerViewCell.swift in Sources */ = {isa = PBXBuildFile; fileRef = 2CA3682D2C35D113009633A1 /* TrackerViewCell.swift */; };
		2CA368302C35D9E5009633A1 /* TrackerViewHeader.swift in Sources */ = {isa = PBXBuildFile; fileRef = 2CA3682F2C35D9E5009633A1 /* TrackerViewHeader.swift */; };
		2CC49A382C2D806C00B19F22 /* AppDelegate.swift in Sources */ = {isa = PBXBuildFile; fileRef = 2CC49A372C2D806C00B19F22 /* AppDelegate.swift */; };
		2CC49A3A2C2D806C00B19F22 /* SceneDelegate.swift in Sources */ = {isa = PBXBuildFile; fileRef = 2CC49A392C2D806C00B19F22 /* SceneDelegate.swift */; };
		2CC49A3C2C2D806C00B19F22 /* ViewController.swift in Sources */ = {isa = PBXBuildFile; fileRef = 2CC49A3B2C2D806C00B19F22 /* ViewController.swift */; };
		2CC49A412C2D806F00B19F22 /* Assets.xcassets in Resources */ = {isa = PBXBuildFile; fileRef = 2CC49A402C2D806F00B19F22 /* Assets.xcassets */; };
		2CC49A442C2D806F00B19F22 /* LaunchScreen.storyboard in Resources */ = {isa = PBXBuildFile; fileRef = 2CC49A422C2D806F00B19F22 /* LaunchScreen.storyboard */; };
		2CC688D32C30213D0009396E /* TabBarViewController.swift in Sources */ = {isa = PBXBuildFile; fileRef = 2CC688D22C30213D0009396E /* TabBarViewController.swift */; };
		2CC688D62C3021B60009396E /* TrackerViewController.swift in Sources */ = {isa = PBXBuildFile; fileRef = 2CC688D52C3021B60009396E /* TrackerViewController.swift */; };
		2CC688D92C3021E70009396E /* StatisticViewController.swift in Sources */ = {isa = PBXBuildFile; fileRef = 2CC688D82C3021E70009396E /* StatisticViewController.swift */; };
/* End PBXBuildFile section */

/* Begin PBXFileReference section */
		2C2D6AA92C3846B900CD5307 /* HabitOrEventViewController.swift */ = {isa = PBXFileReference; lastKnownFileType = sourcecode.swift; path = HabitOrEventViewController.swift; sourceTree = "<group>"; };
		2C2D6AAC2C386C5F00CD5307 /* HabitViewController.swift */ = {isa = PBXFileReference; lastKnownFileType = sourcecode.swift; path = HabitViewController.swift; sourceTree = "<group>"; };
		2C2D6AAE2C38886200CD5307 /* HabitOrEventSettingsCell.swift */ = {isa = PBXFileReference; lastKnownFileType = sourcecode.swift; path = HabitOrEventSettingsCell.swift; sourceTree = "<group>"; };
		2CA368232C359076009633A1 /* Tracker.swift */ = {isa = PBXFileReference; lastKnownFileType = sourcecode.swift; path = Tracker.swift; sourceTree = "<group>"; };
		2CA368252C359084009633A1 /* TrackerCategory.swift */ = {isa = PBXFileReference; lastKnownFileType = sourcecode.swift; path = TrackerCategory.swift; sourceTree = "<group>"; };
		2CA368272C359093009633A1 /* TrackerRecord.swift */ = {isa = PBXFileReference; lastKnownFileType = sourcecode.swift; path = TrackerRecord.swift; sourceTree = "<group>"; };
		2CA3682A2C359230009633A1 /* Weekdays.swift */ = {isa = PBXFileReference; lastKnownFileType = sourcecode.swift; path = Weekdays.swift; sourceTree = "<group>"; };
		2CA3682D2C35D113009633A1 /* TrackerViewCell.swift */ = {isa = PBXFileReference; lastKnownFileType = sourcecode.swift; path = TrackerViewCell.swift; sourceTree = "<group>"; };
		2CA3682F2C35D9E5009633A1 /* TrackerViewHeader.swift */ = {isa = PBXFileReference; lastKnownFileType = sourcecode.swift; path = TrackerViewHeader.swift; sourceTree = "<group>"; };
		2CC49A342C2D806C00B19F22 /* Tracker.app */ = {isa = PBXFileReference; explicitFileType = wrapper.application; includeInIndex = 0; path = Tracker.app; sourceTree = BUILT_PRODUCTS_DIR; };
		2CC49A372C2D806C00B19F22 /* AppDelegate.swift */ = {isa = PBXFileReference; lastKnownFileType = sourcecode.swift; path = AppDelegate.swift; sourceTree = "<group>"; };
		2CC49A392C2D806C00B19F22 /* SceneDelegate.swift */ = {isa = PBXFileReference; lastKnownFileType = sourcecode.swift; path = SceneDelegate.swift; sourceTree = "<group>"; };
		2CC49A3B2C2D806C00B19F22 /* ViewController.swift */ = {isa = PBXFileReference; lastKnownFileType = sourcecode.swift; path = ViewController.swift; sourceTree = "<group>"; };
		2CC49A402C2D806F00B19F22 /* Assets.xcassets */ = {isa = PBXFileReference; lastKnownFileType = folder.assetcatalog; path = Assets.xcassets; sourceTree = "<group>"; };
		2CC49A432C2D806F00B19F22 /* Base */ = {isa = PBXFileReference; lastKnownFileType = file.storyboard; name = Base; path = Base.lproj/LaunchScreen.storyboard; sourceTree = "<group>"; };
		2CC49A452C2D806F00B19F22 /* Info.plist */ = {isa = PBXFileReference; lastKnownFileType = text.plist.xml; path = Info.plist; sourceTree = "<group>"; };
		2CC688D22C30213D0009396E /* TabBarViewController.swift */ = {isa = PBXFileReference; lastKnownFileType = sourcecode.swift; path = TabBarViewController.swift; sourceTree = "<group>"; };
		2CC688D52C3021B60009396E /* TrackerViewController.swift */ = {isa = PBXFileReference; lastKnownFileType = sourcecode.swift; path = TrackerViewController.swift; sourceTree = "<group>"; };
		2CC688D82C3021E70009396E /* StatisticViewController.swift */ = {isa = PBXFileReference; lastKnownFileType = sourcecode.swift; path = StatisticViewController.swift; sourceTree = "<group>"; };
/* End PBXFileReference section */

/* Begin PBXFrameworksBuildPhase section */
		2CC49A312C2D806C00B19F22 /* Frameworks */ = {
			isa = PBXFrameworksBuildPhase;
			buildActionMask = 2147483647;
			files = (
			);
			runOnlyForDeploymentPostprocessing = 0;
		};
/* End PBXFrameworksBuildPhase section */

/* Begin PBXGroup section */
		2C2D6AA82C38468800CD5307 /* HabitOrEeventVC */ = {
			isa = PBXGroup;
			children = (
				2C2D6AA92C3846B900CD5307 /* HabitOrEventViewController.swift */,
				2C2D6AAE2C38886200CD5307 /* HabitOrEventSettingsCell.swift */,
			);
			path = HabitOrEeventVC;
			sourceTree = "<group>";
		};
		2C2D6AAB2C386C4700CD5307 /* HabitViewController */ = {
			isa = PBXGroup;
			children = (
				2C2D6AAC2C386C5F00CD5307 /* HabitViewController.swift */,
			);
			path = HabitViewController;
			sourceTree = "<group>";
		};
		2CA368222C359062009633A1 /* Models */ = {
			isa = PBXGroup;
			children = (
				2CA368232C359076009633A1 /* Tracker.swift */,
				2CA368252C359084009633A1 /* TrackerCategory.swift */,
				2CA368272C359093009633A1 /* TrackerRecord.swift */,
				2CA3682A2C359230009633A1 /* Weekdays.swift */,
			);
			path = Models;
			sourceTree = "<group>";
		};
		2CC49A2B2C2D806C00B19F22 = {
			isa = PBXGroup;
			children = (
				2C2D6AAB2C386C4700CD5307 /* HabitViewController */,
				2C2D6AA82C38468800CD5307 /* HabitOrEeventVC */,
				2CA368222C359062009633A1 /* Models */,
				2CC688D72C3021C00009396E /* StatisticViewController */,
				2CC688D42C3021980009396E /* TrackerViewController */,
				2CC688D12C3021140009396E /* TabBarViewController */,
				2CC49A362C2D806C00B19F22 /* Tracker */,
				2CC49A352C2D806C00B19F22 /* Products */,
			);
			sourceTree = "<group>";
		};
		2CC49A352C2D806C00B19F22 /* Products */ = {
			isa = PBXGroup;
			children = (
				2CC49A342C2D806C00B19F22 /* Tracker.app */,
			);
			name = Products;
			sourceTree = "<group>";
		};
		2CC49A362C2D806C00B19F22 /* Tracker */ = {
			isa = PBXGroup;
			children = (
				2CC49A372C2D806C00B19F22 /* AppDelegate.swift */,
				2CC49A392C2D806C00B19F22 /* SceneDelegate.swift */,
				2CC49A3B2C2D806C00B19F22 /* ViewController.swift */,
				2CC49A402C2D806F00B19F22 /* Assets.xcassets */,
				2CC49A422C2D806F00B19F22 /* LaunchScreen.storyboard */,
				2CC49A452C2D806F00B19F22 /* Info.plist */,
			);
			path = Tracker;
			sourceTree = "<group>";
		};
		2CC688D12C3021140009396E /* TabBarViewController */ = {
			isa = PBXGroup;
			children = (
				2CC688D22C30213D0009396E /* TabBarViewController.swift */,
			);
			path = TabBarViewController;
			sourceTree = "<group>";
		};
		2CC688D42C3021980009396E /* TrackerViewController */ = {
			isa = PBXGroup;
			children = (
				2CC688D52C3021B60009396E /* TrackerViewController.swift */,
				2CA3682D2C35D113009633A1 /* TrackerViewCell.swift */,
				2CA3682F2C35D9E5009633A1 /* TrackerViewHeader.swift */,
			);
			path = TrackerViewController;
			sourceTree = "<group>";
		};
		2CC688D72C3021C00009396E /* StatisticViewController */ = {
			isa = PBXGroup;
			children = (
				2CC688D82C3021E70009396E /* StatisticViewController.swift */,
			);
			path = StatisticViewController;
			sourceTree = "<group>";
		};
/* End PBXGroup section */

/* Begin PBXNativeTarget section */
		2CC49A332C2D806C00B19F22 /* Tracker */ = {
			isa = PBXNativeTarget;
			buildConfigurationList = 2CC49A482C2D806F00B19F22 /* Build configuration list for PBXNativeTarget "Tracker" */;
			buildPhases = (
				2CC49A302C2D806C00B19F22 /* Sources */,
				2CC49A312C2D806C00B19F22 /* Frameworks */,
				2CC49A322C2D806C00B19F22 /* Resources */,
			);
			buildRules = (
			);
			dependencies = (
			);
			name = Tracker;
			productName = Tracker;
			productReference = 2CC49A342C2D806C00B19F22 /* Tracker.app */;
			productType = "com.apple.product-type.application";
		};
/* End PBXNativeTarget section */

/* Begin PBXProject section */
		2CC49A2C2C2D806C00B19F22 /* Project object */ = {
			isa = PBXProject;
			attributes = {
				BuildIndependentTargetsInParallel = 1;
				LastSwiftUpdateCheck = 1520;
				LastUpgradeCheck = 1520;
				TargetAttributes = {
					2CC49A332C2D806C00B19F22 = {
						CreatedOnToolsVersion = 15.2;
					};
				};
			};
			buildConfigurationList = 2CC49A2F2C2D806C00B19F22 /* Build configuration list for PBXProject "Tracker" */;
			compatibilityVersion = "Xcode 14.0";
			developmentRegion = en;
			hasScannedForEncodings = 0;
			knownRegions = (
				en,
				Base,
			);
			mainGroup = 2CC49A2B2C2D806C00B19F22;
			productRefGroup = 2CC49A352C2D806C00B19F22 /* Products */;
			projectDirPath = "";
			projectRoot = "";
			targets = (
				2CC49A332C2D806C00B19F22 /* Tracker */,
			);
		};
/* End PBXProject section */

/* Begin PBXResourcesBuildPhase section */
		2CC49A322C2D806C00B19F22 /* Resources */ = {
			isa = PBXResourcesBuildPhase;
			buildActionMask = 2147483647;
			files = (
				2CC49A442C2D806F00B19F22 /* LaunchScreen.storyboard in Resources */,
				2CC49A412C2D806F00B19F22 /* Assets.xcassets in Resources */,
			);
			runOnlyForDeploymentPostprocessing = 0;
		};
/* End PBXResourcesBuildPhase section */

/* Begin PBXSourcesBuildPhase section */
		2CC49A302C2D806C00B19F22 /* Sources */ = {
			isa = PBXSourcesBuildPhase;
			buildActionMask = 2147483647;
			files = (
				2CA3682B2C359230009633A1 /* Weekdays.swift in Sources */,
				2CA3682E2C35D113009633A1 /* TrackerViewCell.swift in Sources */,
				2CC688D62C3021B60009396E /* TrackerViewController.swift in Sources */,
				2CC688D32C30213D0009396E /* TabBarViewController.swift in Sources */,
				2CA368262C359084009633A1 /* TrackerCategory.swift in Sources */,
				2CC49A3C2C2D806C00B19F22 /* ViewController.swift in Sources */,
				2CA368302C35D9E5009633A1 /* TrackerViewHeader.swift in Sources */,
				2CC688D92C3021E70009396E /* StatisticViewController.swift in Sources */,
				2C2D6AAF2C38886200CD5307 /* HabitOrEventSettingsCell.swift in Sources */,
				2CA368282C359093009633A1 /* TrackerRecord.swift in Sources */,
				2C2D6AAD2C386C5F00CD5307 /* HabitViewController.swift in Sources */,
				2C2D6AAA2C3846B900CD5307 /* HabitOrEventViewController.swift in Sources */,
				2CC49A382C2D806C00B19F22 /* AppDelegate.swift in Sources */,
				2CC49A3A2C2D806C00B19F22 /* SceneDelegate.swift in Sources */,
				2CA368242C359076009633A1 /* Tracker.swift in Sources */,
			);
			runOnlyForDeploymentPostprocessing = 0;
		};
/* End PBXSourcesBuildPhase section */

/* Begin PBXVariantGroup section */
		2CC49A422C2D806F00B19F22 /* LaunchScreen.storyboard */ = {
			isa = PBXVariantGroup;
			children = (
				2CC49A432C2D806F00B19F22 /* Base */,
			);
			name = LaunchScreen.storyboard;
			sourceTree = "<group>";
		};
/* End PBXVariantGroup section */

/* Begin XCBuildConfiguration section */
		2CC49A462C2D806F00B19F22 /* Debug */ = {
			isa = XCBuildConfiguration;
			buildSettings = {
				ALWAYS_SEARCH_USER_PATHS = NO;
				ASSETCATALOG_COMPILER_GENERATE_SWIFT_ASSET_SYMBOL_EXTENSIONS = YES;
				CLANG_ANALYZER_NONNULL = YES;
				CLANG_ANALYZER_NUMBER_OBJECT_CONVERSION = YES_AGGRESSIVE;
				CLANG_CXX_LANGUAGE_STANDARD = "gnu++20";
				CLANG_ENABLE_MODULES = YES;
				CLANG_ENABLE_OBJC_ARC = YES;
				CLANG_ENABLE_OBJC_WEAK = YES;
				CLANG_WARN_BLOCK_CAPTURE_AUTORELEASING = YES;
				CLANG_WARN_BOOL_CONVERSION = YES;
				CLANG_WARN_COMMA = YES;
				CLANG_WARN_CONSTANT_CONVERSION = YES;
				CLANG_WARN_DEPRECATED_OBJC_IMPLEMENTATIONS = YES;
				CLANG_WARN_DIRECT_OBJC_ISA_USAGE = YES_ERROR;
				CLANG_WARN_DOCUMENTATION_COMMENTS = YES;
				CLANG_WARN_EMPTY_BODY = YES;
				CLANG_WARN_ENUM_CONVERSION = YES;
				CLANG_WARN_INFINITE_RECURSION = YES;
				CLANG_WARN_INT_CONVERSION = YES;
				CLANG_WARN_NON_LITERAL_NULL_CONVERSION = YES;
				CLANG_WARN_OBJC_IMPLICIT_RETAIN_SELF = YES;
				CLANG_WARN_OBJC_LITERAL_CONVERSION = YES;
				CLANG_WARN_OBJC_ROOT_CLASS = YES_ERROR;
				CLANG_WARN_QUOTED_INCLUDE_IN_FRAMEWORK_HEADER = YES;
				CLANG_WARN_RANGE_LOOP_ANALYSIS = YES;
				CLANG_WARN_STRICT_PROTOTYPES = YES;
				CLANG_WARN_SUSPICIOUS_MOVE = YES;
				CLANG_WARN_UNGUARDED_AVAILABILITY = YES_AGGRESSIVE;
				CLANG_WARN_UNREACHABLE_CODE = YES;
				CLANG_WARN__DUPLICATE_METHOD_MATCH = YES;
				COPY_PHASE_STRIP = NO;
				DEBUG_INFORMATION_FORMAT = dwarf;
				ENABLE_STRICT_OBJC_MSGSEND = YES;
				ENABLE_TESTABILITY = YES;
				ENABLE_USER_SCRIPT_SANDBOXING = YES;
				GCC_C_LANGUAGE_STANDARD = gnu17;
				GCC_DYNAMIC_NO_PIC = NO;
				GCC_NO_COMMON_BLOCKS = YES;
				GCC_OPTIMIZATION_LEVEL = 0;
				GCC_PREPROCESSOR_DEFINITIONS = (
					"DEBUG=1",
					"$(inherited)",
				);
				GCC_WARN_64_TO_32_BIT_CONVERSION = YES;
				GCC_WARN_ABOUT_RETURN_TYPE = YES_ERROR;
				GCC_WARN_UNDECLARED_SELECTOR = YES;
				GCC_WARN_UNINITIALIZED_AUTOS = YES_AGGRESSIVE;
				GCC_WARN_UNUSED_FUNCTION = YES;
				GCC_WARN_UNUSED_VARIABLE = YES;
				IPHONEOS_DEPLOYMENT_TARGET = 13.4;
				LOCALIZATION_PREFERS_STRING_CATALOGS = YES;
				MTL_ENABLE_DEBUG_INFO = INCLUDE_SOURCE;
				MTL_FAST_MATH = YES;
				ONLY_ACTIVE_ARCH = YES;
				SDKROOT = iphoneos;
				SWIFT_ACTIVE_COMPILATION_CONDITIONS = "DEBUG $(inherited)";
				SWIFT_OPTIMIZATION_LEVEL = "-Onone";
			};
			name = Debug;
		};
		2CC49A472C2D806F00B19F22 /* Release */ = {
			isa = XCBuildConfiguration;
			buildSettings = {
				ALWAYS_SEARCH_USER_PATHS = NO;
				ASSETCATALOG_COMPILER_GENERATE_SWIFT_ASSET_SYMBOL_EXTENSIONS = YES;
				CLANG_ANALYZER_NONNULL = YES;
				CLANG_ANALYZER_NUMBER_OBJECT_CONVERSION = YES_AGGRESSIVE;
				CLANG_CXX_LANGUAGE_STANDARD = "gnu++20";
				CLANG_ENABLE_MODULES = YES;
				CLANG_ENABLE_OBJC_ARC = YES;
				CLANG_ENABLE_OBJC_WEAK = YES;
				CLANG_WARN_BLOCK_CAPTURE_AUTORELEASING = YES;
				CLANG_WARN_BOOL_CONVERSION = YES;
				CLANG_WARN_COMMA = YES;
				CLANG_WARN_CONSTANT_CONVERSION = YES;
				CLANG_WARN_DEPRECATED_OBJC_IMPLEMENTATIONS = YES;
				CLANG_WARN_DIRECT_OBJC_ISA_USAGE = YES_ERROR;
				CLANG_WARN_DOCUMENTATION_COMMENTS = YES;
				CLANG_WARN_EMPTY_BODY = YES;
				CLANG_WARN_ENUM_CONVERSION = YES;
				CLANG_WARN_INFINITE_RECURSION = YES;
				CLANG_WARN_INT_CONVERSION = YES;
				CLANG_WARN_NON_LITERAL_NULL_CONVERSION = YES;
				CLANG_WARN_OBJC_IMPLICIT_RETAIN_SELF = YES;
				CLANG_WARN_OBJC_LITERAL_CONVERSION = YES;
				CLANG_WARN_OBJC_ROOT_CLASS = YES_ERROR;
				CLANG_WARN_QUOTED_INCLUDE_IN_FRAMEWORK_HEADER = YES;
				CLANG_WARN_RANGE_LOOP_ANALYSIS = YES;
				CLANG_WARN_STRICT_PROTOTYPES = YES;
				CLANG_WARN_SUSPICIOUS_MOVE = YES;
				CLANG_WARN_UNGUARDED_AVAILABILITY = YES_AGGRESSIVE;
				CLANG_WARN_UNREACHABLE_CODE = YES;
				CLANG_WARN__DUPLICATE_METHOD_MATCH = YES;
				COPY_PHASE_STRIP = NO;
				DEBUG_INFORMATION_FORMAT = "dwarf-with-dsym";
				ENABLE_NS_ASSERTIONS = NO;
				ENABLE_STRICT_OBJC_MSGSEND = YES;
				ENABLE_USER_SCRIPT_SANDBOXING = YES;
				GCC_C_LANGUAGE_STANDARD = gnu17;
				GCC_NO_COMMON_BLOCKS = YES;
				GCC_WARN_64_TO_32_BIT_CONVERSION = YES;
				GCC_WARN_ABOUT_RETURN_TYPE = YES_ERROR;
				GCC_WARN_UNDECLARED_SELECTOR = YES;
				GCC_WARN_UNINITIALIZED_AUTOS = YES_AGGRESSIVE;
				GCC_WARN_UNUSED_FUNCTION = YES;
				GCC_WARN_UNUSED_VARIABLE = YES;
				IPHONEOS_DEPLOYMENT_TARGET = 13.4;
				LOCALIZATION_PREFERS_STRING_CATALOGS = YES;
				MTL_ENABLE_DEBUG_INFO = NO;
				MTL_FAST_MATH = YES;
				SDKROOT = iphoneos;
				SWIFT_COMPILATION_MODE = wholemodule;
				VALIDATE_PRODUCT = YES;
			};
			name = Release;
		};
		2CC49A492C2D806F00B19F22 /* Debug */ = {
			isa = XCBuildConfiguration;
			buildSettings = {
				ASSETCATALOG_COMPILER_APPICON_NAME = AppIcon;
				ASSETCATALOG_COMPILER_GLOBAL_ACCENT_COLOR_NAME = AccentColor;
				CODE_SIGN_STYLE = Automatic;
				CURRENT_PROJECT_VERSION = 1;
				DEVELOPMENT_TEAM = N374TQ32QB;
				GENERATE_INFOPLIST_FILE = YES;
				INFOPLIST_FILE = Tracker/Info.plist;
				INFOPLIST_KEY_UIApplicationSupportsIndirectInputEvents = YES;
				INFOPLIST_KEY_UILaunchStoryboardName = LaunchScreen;
				INFOPLIST_KEY_UISupportedInterfaceOrientations = UIInterfaceOrientationPortrait;
				IPHONEOS_DEPLOYMENT_TARGET = 13.4;
				LD_RUNPATH_SEARCH_PATHS = (
					"$(inherited)",
					"@executable_path/Frameworks",
				);
				MARKETING_VERSION = 1.0;
				PRODUCT_BUNDLE_IDENTIFIER = ru.ivan530i.Tracker;
				PRODUCT_NAME = "$(TARGET_NAME)";
				SUPPORTED_PLATFORMS = "iphoneos iphonesimulator";
				SUPPORTS_MACCATALYST = NO;
				SUPPORTS_MAC_DESIGNED_FOR_IPHONE_IPAD = NO;
				SUPPORTS_XR_DESIGNED_FOR_IPHONE_IPAD = NO;
				SWIFT_EMIT_LOC_STRINGS = YES;
				SWIFT_VERSION = 5.0;
				TARGETED_DEVICE_FAMILY = 1;
			};
			name = Debug;
		};
		2CC49A4A2C2D806F00B19F22 /* Release */ = {
			isa = XCBuildConfiguration;
			buildSettings = {
				ASSETCATALOG_COMPILER_APPICON_NAME = AppIcon;
				ASSETCATALOG_COMPILER_GLOBAL_ACCENT_COLOR_NAME = AccentColor;
				CODE_SIGN_STYLE = Automatic;
				CURRENT_PROJECT_VERSION = 1;
				DEVELOPMENT_TEAM = N374TQ32QB;
				GENERATE_INFOPLIST_FILE = YES;
				INFOPLIST_FILE = Tracker/Info.plist;
				INFOPLIST_KEY_UIApplicationSupportsIndirectInputEvents = YES;
				INFOPLIST_KEY_UILaunchStoryboardName = LaunchScreen;
				INFOPLIST_KEY_UISupportedInterfaceOrientations = UIInterfaceOrientationPortrait;
				IPHONEOS_DEPLOYMENT_TARGET = 13.4;
				LD_RUNPATH_SEARCH_PATHS = (
					"$(inherited)",
					"@executable_path/Frameworks",
				);
				MARKETING_VERSION = 1.0;
				PRODUCT_BUNDLE_IDENTIFIER = ru.ivan530i.Tracker;
				PRODUCT_NAME = "$(TARGET_NAME)";
				SUPPORTED_PLATFORMS = "iphoneos iphonesimulator";
				SUPPORTS_MACCATALYST = NO;
				SUPPORTS_MAC_DESIGNED_FOR_IPHONE_IPAD = NO;
				SUPPORTS_XR_DESIGNED_FOR_IPHONE_IPAD = NO;
				SWIFT_EMIT_LOC_STRINGS = YES;
				SWIFT_VERSION = 5.0;
				TARGETED_DEVICE_FAMILY = 1;
			};
			name = Release;
		};
/* End XCBuildConfiguration section */

/* Begin XCConfigurationList section */
		2CC49A2F2C2D806C00B19F22 /* Build configuration list for PBXProject "Tracker" */ = {
			isa = XCConfigurationList;
			buildConfigurations = (
				2CC49A462C2D806F00B19F22 /* Debug */,
				2CC49A472C2D806F00B19F22 /* Release */,
			);
			defaultConfigurationIsVisible = 0;
			defaultConfigurationName = Release;
		};
		2CC49A482C2D806F00B19F22 /* Build configuration list for PBXNativeTarget "Tracker" */ = {
			isa = XCConfigurationList;
			buildConfigurations = (
				2CC49A492C2D806F00B19F22 /* Debug */,
				2CC49A4A2C2D806F00B19F22 /* Release */,
			);
			defaultConfigurationIsVisible = 0;
			defaultConfigurationName = Release;
		};
/* End XCConfigurationList section */
	};
	rootObject = 2CC49A2C2C2D806C00B19F22 /* Project object */;
}
