// !$*UTF8*$!
{
	archiveVersion = 1;
	classes = {
	};
	objectVersion = 56;
	objects = {

/* Begin PBXBuildFile section */
		2C2D6AAA2C3846B900CD5307 /* HabitOrEventViewController.swift in Sources */ = {isa = PBXBuildFile; fileRef = 2C2D6AA92C3846B900CD5307 /* HabitOrEventViewController.swift */; };
		2C2D6AAD2C386C5F00CD5307 /* HabitViewController.swift in Sources */ = {isa = PBXBuildFile; fileRef = 2C2D6AAC2C386C5F00CD5307 /* HabitViewController.swift */; };
		2C2D6AAF2C38886200CD5307 /* HabitOrEventSettingsCell.swift in Sources */ = {isa = PBXBuildFile; fileRef = 2C2D6AAE2C38886200CD5307 /* HabitOrEventSettingsCell.swift */; };
		2C2D6AB52C38996E00CD5307 /* ScheduleViewController.swift in Sources */ = {isa = PBXBuildFile; fileRef = 2C2D6AB42C38996E00CD5307 /* ScheduleViewController.swift */; };
		2C2D6AB72C389A6D00CD5307 /* ScheduleCell.swift in Sources */ = {isa = PBXBuildFile; fileRef = 2C2D6AB62C389A6D00CD5307 /* ScheduleCell.swift */; };
		2C7F5F902C3AC7D400D83103 /* IrregularEventViewController.swift in Sources */ = {isa = PBXBuildFile; fileRef = 2C7F5F8F2C3AC7D400D83103 /* IrregularEventViewController.swift */; };
		2C7F5F932C3ACC7900D83103 /* CategoryViewController.swift in Sources */ = {isa = PBXBuildFile; fileRef = 2C7F5F922C3ACC7900D83103 /* CategoryViewController.swift */; };
		2C7F5F952C3ACDB900D83103 /* CreateCategoryVC.swift in Sources */ = {isa = PBXBuildFile; fileRef = 2C7F5F942C3ACDB900D83103 /* CreateCategoryVC.swift */; };
		2C7F5F972C3AD1A200D83103 /* ConfigureModel.swift in Sources */ = {isa = PBXBuildFile; fileRef = 2C7F5F962C3AD1A200D83103 /* ConfigureModel.swift */; };
		2CA368242C359076009633A1 /* Tracker.swift in Sources */ = {isa = PBXBuildFile; fileRef = 2CA368232C359076009633A1 /* Tracker.swift */; };
		2CA368262C359084009633A1 /* TrackerCategory.swift in Sources */ = {isa = PBXBuildFile; fileRef = 2CA368252C359084009633A1 /* TrackerCategory.swift */; };
		2CA368282C359093009633A1 /* TrackerRecord.swift in Sources */ = {isa = PBXBuildFile; fileRef = 2CA368272C359093009633A1 /* TrackerRecord.swift */; };
		2CA3682B2C359230009633A1 /* Weekdays.swift in Sources */ = {isa = PBXBuildFile; fileRef = 2CA3682A2C359230009633A1 /* Weekdays.swift */; };
		2CA3682E2C35D113009633A1 /* TrackerViewCell.swift in Sources */ = {isa = PBXBuildFile; fileRef = 2CA3682D2C35D113009633A1 /* TrackerViewCell.swift */; };
		2CA368302C35D9E5009633A1 /* TrackerViewHeader.swift in Sources */ = {isa = PBXBuildFile; fileRef = 2CA3682F2C35D9E5009633A1 /* TrackerViewHeader.swift */; };
		2CC49A382C2D806C00B19F22 /* AppDelegate.swift in Sources */ = {isa = PBXBuildFile; fileRef = 2CC49A372C2D806C00B19F22 /* AppDelegate.swift */; };
		2CC49A3A2C2D806C00B19F22 /* SceneDelegate.swift in Sources */ = {isa = PBXBuildFile; fileRef = 2CC49A392C2D806C00B19F22 /* SceneDelegate.swift */; };
		2CC49A3C2C2D806C00B19F22 /* ViewController.swift in Sources */ = {isa = PBXBuildFile; fileRef = 2CC49A3B2C2D806C00B19F22 /* ViewController.swift */; };
		2CC49A412C2D806F00B19F22 /* Assets.xcassets in Resources */ = {isa = PBXBuildFile; fileRef = 2CC49A402C2D806F00B19F22 /* Assets.xcassets */; };
		2CC49A442C2D806F00B19F22 /* LaunchScreen.storyboard in Resources */ = {isa = PBXBuildFile; fileRef = 2CC49A422C2D806F00B19F22 /* LaunchScreen.storyboard */; };
		2CC688D32C30213D0009396E /* TabBarViewController.swift in Sources */ = {isa = PBXBuildFile; fileRef = 2CC688D22C30213D0009396E /* TabBarViewController.swift */; };
		2CC688D62C3021B60009396E /* TrackerViewController.swift in Sources */ = {isa = PBXBuildFile; fileRef = 2CC688D52C3021B60009396E /* TrackerViewController.swift */; };
		2CC688D92C3021E70009396E /* StatisticViewController.swift in Sources */ = {isa = PBXBuildFile; fileRef = 2CC688D82C3021E70009396E /* StatisticViewController.swift */; };
		5C44E0AF2C5118380032C41A /* Collections.swift in Sources */ = {isa = PBXBuildFile; fileRef = 5C44E0AE2C5118380032C41A /* Collections.swift */; };
		5C44E0B12C51185E0032C41A /* CoreDataManager.swift in Sources */ = {isa = PBXBuildFile; fileRef = 5C44E0B02C51185E0032C41A /* CoreDataManager.swift */; };
		5C44E0B82C5118860032C41A /* TrackerCategoryCD.swift in Sources */ = {isa = PBXBuildFile; fileRef = 5C44E0B22C5118860032C41A /* TrackerCategoryCD.swift */; };
		5C44E0B92C5118860032C41A /* TrackerCD.swift in Sources */ = {isa = PBXBuildFile; fileRef = 5C44E0B32C5118860032C41A /* TrackerCD.swift */; };
		5C44E0BB2C5118860032C41A /* TrackerRecordCD.swift in Sources */ = {isa = PBXBuildFile; fileRef = 5C44E0B52C5118860032C41A /* TrackerRecordCD.swift */; };
		5C44E0BD2C5119130032C41A /* MainHelper.swift in Sources */ = {isa = PBXBuildFile; fileRef = 5C44E0BC2C5119130032C41A /* MainHelper.swift */; };
		5C44E0C32C511B2C0032C41A /* TrackerCoreData.xcdatamodeld in Sources */ = {isa = PBXBuildFile; fileRef = 5C44E0C12C511B2C0032C41A /* TrackerCoreData.xcdatamodeld */; };
		5C44E0C92C511CF20032C41A /* CustomCategoryCell.swift in Sources */ = {isa = PBXBuildFile; fileRef = 5C44E0C52C511CF10032C41A /* CustomCategoryCell.swift */; };
		5C44E0CA2C511CF20032C41A /* TestCollectionCell.swift in Sources */ = {isa = PBXBuildFile; fileRef = 5C44E0C62C511CF10032C41A /* TestCollectionCell.swift */; };
		5C44E0CB2C511CF20032C41A /* CustomCollection.swift in Sources */ = {isa = PBXBuildFile; fileRef = 5C44E0C72C511CF10032C41A /* CustomCollection.swift */; };
		5C44E0CC2C511CF20032C41A /* SupplementaryView.swift in Sources */ = {isa = PBXBuildFile; fileRef = 5C44E0C82C511CF20032C41A /* SupplementaryView.swift */; };
		5C44E0D12C511D190032C41A /* UIColor+Ext.swift in Sources */ = {isa = PBXBuildFile; fileRef = 5C44E0CE2C511D190032C41A /* UIColor+Ext.swift */; };
		5C44E0D22C511D190032C41A /* UIView+Ext.swift in Sources */ = {isa = PBXBuildFile; fileRef = 5C44E0CF2C511D190032C41A /* UIView+Ext.swift */; };
		5C44E0D32C511D190032C41A /* Notification.swift in Sources */ = {isa = PBXBuildFile; fileRef = 5C44E0D02C511D190032C41A /* Notification.swift */; };
		5C49788C2C60128800B4ABF1 /* CategoryViewModelProtocol.swift in Sources */ = {isa = PBXBuildFile; fileRef = 5C49788B2C60128800B4ABF1 /* CategoryViewModelProtocol.swift */; };
		5C49788E2C6012A900B4ABF1 /* CategoryViewModel.swift in Sources */ = {isa = PBXBuildFile; fileRef = 5C49788D2C6012A900B4ABF1 /* CategoryViewModel.swift */; };
		5C4978912C60131500B4ABF1 /* CategoryViewControllerProtocol.swift in Sources */ = {isa = PBXBuildFile; fileRef = 5C4978902C60131500B4ABF1 /* CategoryViewControllerProtocol.swift */; };
		5C4978932C60138800B4ABF1 /* HabitViewControllerDelegate.swift in Sources */ = {isa = PBXBuildFile; fileRef = 5C4978922C60138800B4ABF1 /* HabitViewControllerDelegate.swift */; };
		5C4978962C60143B00B4ABF1 /* OnboardingCustomVC.swift in Sources */ = {isa = PBXBuildFile; fileRef = 5C4978952C60143B00B4ABF1 /* OnboardingCustomVC.swift */; };
		5C4978982C60145300B4ABF1 /* OnboardingVC.swift in Sources */ = {isa = PBXBuildFile; fileRef = 5C4978972C60145300B4ABF1 /* OnboardingVC.swift */; };
		5C49789A2C6014B100B4ABF1 /* Constants.swift in Sources */ = {isa = PBXBuildFile; fileRef = 5C4978992C6014B100B4ABF1 /* Constants.swift */; };
		73D60C7F2C522DF70015917E /* Int+Ext.swift in Sources */ = {isa = PBXBuildFile; fileRef = 73D60C7E2C522DF70015917E /* Int+Ext.swift */; };
/* End PBXBuildFile section */

/* Begin PBXFileReference section */
		2C2D6AA92C3846B900CD5307 /* HabitOrEventViewController.swift */ = {isa = PBXFileReference; lastKnownFileType = sourcecode.swift; path = HabitOrEventViewController.swift; sourceTree = "<group>"; };
		2C2D6AAC2C386C5F00CD5307 /* HabitViewController.swift */ = {isa = PBXFileReference; lastKnownFileType = sourcecode.swift; path = HabitViewController.swift; sourceTree = "<group>"; };
		2C2D6AAE2C38886200CD5307 /* HabitOrEventSettingsCell.swift */ = {isa = PBXFileReference; lastKnownFileType = sourcecode.swift; path = HabitOrEventSettingsCell.swift; sourceTree = "<group>"; };
		2C2D6AB42C38996E00CD5307 /* ScheduleViewController.swift */ = {isa = PBXFileReference; lastKnownFileType = sourcecode.swift; path = ScheduleViewController.swift; sourceTree = "<group>"; };
		2C2D6AB62C389A6D00CD5307 /* ScheduleCell.swift */ = {isa = PBXFileReference; lastKnownFileType = sourcecode.swift; path = ScheduleCell.swift; sourceTree = "<group>"; };
		2C7F5F8F2C3AC7D400D83103 /* IrregularEventViewController.swift */ = {isa = PBXFileReference; lastKnownFileType = sourcecode.swift; path = IrregularEventViewController.swift; sourceTree = "<group>"; };
		2C7F5F922C3ACC7900D83103 /* CategoryViewController.swift */ = {isa = PBXFileReference; lastKnownFileType = sourcecode.swift; path = CategoryViewController.swift; sourceTree = "<group>"; };
		2C7F5F942C3ACDB900D83103 /* CreateCategoryVC.swift */ = {isa = PBXFileReference; lastKnownFileType = sourcecode.swift; path = CreateCategoryVC.swift; sourceTree = "<group>"; };
		2C7F5F962C3AD1A200D83103 /* ConfigureModel.swift */ = {isa = PBXFileReference; lastKnownFileType = sourcecode.swift; path = ConfigureModel.swift; sourceTree = "<group>"; };
		2CA368232C359076009633A1 /* Tracker.swift */ = {isa = PBXFileReference; lastKnownFileType = sourcecode.swift; path = Tracker.swift; sourceTree = "<group>"; };
		2CA368252C359084009633A1 /* TrackerCategory.swift */ = {isa = PBXFileReference; lastKnownFileType = sourcecode.swift; path = TrackerCategory.swift; sourceTree = "<group>"; };
		2CA368272C359093009633A1 /* TrackerRecord.swift */ = {isa = PBXFileReference; lastKnownFileType = sourcecode.swift; path = TrackerRecord.swift; sourceTree = "<group>"; };
		2CA3682A2C359230009633A1 /* Weekdays.swift */ = {isa = PBXFileReference; lastKnownFileType = sourcecode.swift; path = Weekdays.swift; sourceTree = "<group>"; };
		2CA3682D2C35D113009633A1 /* TrackerViewCell.swift */ = {isa = PBXFileReference; lastKnownFileType = sourcecode.swift; path = TrackerViewCell.swift; sourceTree = "<group>"; };
		2CA3682F2C35D9E5009633A1 /* TrackerViewHeader.swift */ = {isa = PBXFileReference; lastKnownFileType = sourcecode.swift; path = TrackerViewHeader.swift; sourceTree = "<group>"; };
		2CC49A342C2D806C00B19F22 /* Tracker.app */ = {isa = PBXFileReference; explicitFileType = wrapper.application; includeInIndex = 0; path = Tracker.app; sourceTree = BUILT_PRODUCTS_DIR; };
		2CC49A372C2D806C00B19F22 /* AppDelegate.swift */ = {isa = PBXFileReference; lastKnownFileType = sourcecode.swift; path = AppDelegate.swift; sourceTree = "<group>"; };
		2CC49A392C2D806C00B19F22 /* SceneDelegate.swift */ = {isa = PBXFileReference; lastKnownFileType = sourcecode.swift; path = SceneDelegate.swift; sourceTree = "<group>"; };
		2CC49A3B2C2D806C00B19F22 /* ViewController.swift */ = {isa = PBXFileReference; lastKnownFileType = sourcecode.swift; path = ViewController.swift; sourceTree = "<group>"; };
		2CC49A402C2D806F00B19F22 /* Assets.xcassets */ = {isa = PBXFileReference; lastKnownFileType = folder.assetcatalog; path = Assets.xcassets; sourceTree = "<group>"; };
		2CC49A432C2D806F00B19F22 /* Base */ = {isa = PBXFileReference; lastKnownFileType = file.storyboard; name = Base; path = Base.lproj/LaunchScreen.storyboard; sourceTree = "<group>"; };
		2CC49A452C2D806F00B19F22 /* Info.plist */ = {isa = PBXFileReference; lastKnownFileType = text.plist.xml; path = Info.plist; sourceTree = "<group>"; };
		2CC688D22C30213D0009396E /* TabBarViewController.swift */ = {isa = PBXFileReference; lastKnownFileType = sourcecode.swift; path = TabBarViewController.swift; sourceTree = "<group>"; };
		2CC688D52C3021B60009396E /* TrackerViewController.swift */ = {isa = PBXFileReference; lastKnownFileType = sourcecode.swift; path = TrackerViewController.swift; sourceTree = "<group>"; };
		2CC688D82C3021E70009396E /* StatisticViewController.swift */ = {isa = PBXFileReference; lastKnownFileType = sourcecode.swift; path = StatisticViewController.swift; sourceTree = "<group>"; };
		5C44E0AE2C5118380032C41A /* Collections.swift */ = {isa = PBXFileReference; fileEncoding = 4; lastKnownFileType = sourcecode.swift; path = Collections.swift; sourceTree = "<group>"; };
		5C44E0B02C51185E0032C41A /* CoreDataManager.swift */ = {isa = PBXFileReference; fileEncoding = 4; lastKnownFileType = sourcecode.swift; path = CoreDataManager.swift; sourceTree = "<group>"; };
		5C44E0B22C5118860032C41A /* TrackerCategoryCD.swift */ = {isa = PBXFileReference; fileEncoding = 4; lastKnownFileType = sourcecode.swift; path = TrackerCategoryCD.swift; sourceTree = "<group>"; };
		5C44E0B32C5118860032C41A /* TrackerCD.swift */ = {isa = PBXFileReference; fileEncoding = 4; lastKnownFileType = sourcecode.swift; path = TrackerCD.swift; sourceTree = "<group>"; };
		5C44E0B52C5118860032C41A /* TrackerRecordCD.swift */ = {isa = PBXFileReference; fileEncoding = 4; lastKnownFileType = sourcecode.swift; path = TrackerRecordCD.swift; sourceTree = "<group>"; };
		5C44E0BC2C5119130032C41A /* MainHelper.swift */ = {isa = PBXFileReference; lastKnownFileType = sourcecode.swift; path = MainHelper.swift; sourceTree = "<group>"; };
		5C44E0C22C511B2C0032C41A /* TrackerCoreData.xcdatamodel */ = {isa = PBXFileReference; lastKnownFileType = wrapper.xcdatamodel; path = TrackerCoreData.xcdatamodel; sourceTree = "<group>"; };
		5C44E0C52C511CF10032C41A /* CustomCategoryCell.swift */ = {isa = PBXFileReference; fileEncoding = 4; lastKnownFileType = sourcecode.swift; path = CustomCategoryCell.swift; sourceTree = "<group>"; };
		5C44E0C62C511CF10032C41A /* TestCollectionCell.swift */ = {isa = PBXFileReference; fileEncoding = 4; lastKnownFileType = sourcecode.swift; path = TestCollectionCell.swift; sourceTree = "<group>"; };
		5C44E0C72C511CF10032C41A /* CustomCollection.swift */ = {isa = PBXFileReference; fileEncoding = 4; lastKnownFileType = sourcecode.swift; path = CustomCollection.swift; sourceTree = "<group>"; };
		5C44E0C82C511CF20032C41A /* SupplementaryView.swift */ = {isa = PBXFileReference; fileEncoding = 4; lastKnownFileType = sourcecode.swift; path = SupplementaryView.swift; sourceTree = "<group>"; };
		5C44E0CE2C511D190032C41A /* UIColor+Ext.swift */ = {isa = PBXFileReference; fileEncoding = 4; lastKnownFileType = sourcecode.swift; path = "UIColor+Ext.swift"; sourceTree = "<group>"; };
		5C44E0CF2C511D190032C41A /* UIView+Ext.swift */ = {isa = PBXFileReference; fileEncoding = 4; lastKnownFileType = sourcecode.swift; path = "UIView+Ext.swift"; sourceTree = "<group>"; };
		5C44E0D02C511D190032C41A /* Notification.swift */ = {isa = PBXFileReference; fileEncoding = 4; lastKnownFileType = sourcecode.swift; path = Notification.swift; sourceTree = "<group>"; };
		5C49788B2C60128800B4ABF1 /* CategoryViewModelProtocol.swift */ = {isa = PBXFileReference; lastKnownFileType = sourcecode.swift; path = CategoryViewModelProtocol.swift; sourceTree = "<group>"; };
		5C49788D2C6012A900B4ABF1 /* CategoryViewModel.swift */ = {isa = PBXFileReference; lastKnownFileType = sourcecode.swift; path = CategoryViewModel.swift; sourceTree = "<group>"; };
		5C4978902C60131500B4ABF1 /* CategoryViewControllerProtocol.swift */ = {isa = PBXFileReference; lastKnownFileType = sourcecode.swift; path = CategoryViewControllerProtocol.swift; sourceTree = "<group>"; };
		5C4978922C60138800B4ABF1 /* HabitViewControllerDelegate.swift */ = {isa = PBXFileReference; lastKnownFileType = sourcecode.swift; path = HabitViewControllerDelegate.swift; sourceTree = "<group>"; };
		5C4978952C60143B00B4ABF1 /* OnboardingCustomVC.swift */ = {isa = PBXFileReference; lastKnownFileType = sourcecode.swift; path = OnboardingCustomVC.swift; sourceTree = "<group>"; };
		5C4978972C60145300B4ABF1 /* OnboardingVC.swift */ = {isa = PBXFileReference; lastKnownFileType = sourcecode.swift; path = OnboardingVC.swift; sourceTree = "<group>"; };
		5C4978992C6014B100B4ABF1 /* Constants.swift */ = {isa = PBXFileReference; lastKnownFileType = sourcecode.swift; path = Constants.swift; sourceTree = "<group>"; };
		73D60C7E2C522DF70015917E /* Int+Ext.swift */ = {isa = PBXFileReference; lastKnownFileType = sourcecode.swift; path = "Int+Ext.swift"; sourceTree = "<group>"; };
/* End PBXFileReference section */

/* Begin PBXFrameworksBuildPhase section */
		2CC49A312C2D806C00B19F22 /* Frameworks */ = {
			isa = PBXFrameworksBuildPhase;
			buildActionMask = 2147483647;
			files = (
			);
			runOnlyForDeploymentPostprocessing = 0;
		};
/* End PBXFrameworksBuildPhase section */

/* Begin PBXGroup section */
		2C2D6AA82C38468800CD5307 /* HabitOrEeventVC */ = {
			isa = PBXGroup;
			children = (
				2C2D6AA92C3846B900CD5307 /* HabitOrEventViewController.swift */,
				2C2D6AAE2C38886200CD5307 /* HabitOrEventSettingsCell.swift */,
			);
			path = HabitOrEeventVC;
			sourceTree = "<group>";
		};
		2C2D6AAB2C386C4700CD5307 /* HabitViewController */ = {
			isa = PBXGroup;
			children = (
				2C2D6AAC2C386C5F00CD5307 /* HabitViewController.swift */,
				5C4978922C60138800B4ABF1 /* HabitViewControllerDelegate.swift */,
			);
			path = HabitViewController;
			sourceTree = "<group>";
		};
		2C2D6AB32C38995400CD5307 /* Schedule */ = {
			isa = PBXGroup;
			children = (
				2C2D6AB42C38996E00CD5307 /* ScheduleViewController.swift */,
				2C2D6AB62C389A6D00CD5307 /* ScheduleCell.swift */,
			);
			path = Schedule;
			sourceTree = "<group>";
		};
		2C7F5F8E2C3AC7B000D83103 /* IrregularEventViewController */ = {
			isa = PBXGroup;
			children = (
				2C7F5F8F2C3AC7D400D83103 /* IrregularEventViewController.swift */,
			);
			path = IrregularEventViewController;
			sourceTree = "<group>";
		};
		2C7F5F912C3ACC5B00D83103 /* CategoryViewController */ = {
			isa = PBXGroup;
			children = (
				5C49788F2C60130300B4ABF1 /* View */,
				5C49788A2C60126C00B4ABF1 /* ViewModel */,
			);
			path = CategoryViewController;
			sourceTree = "<group>";
		};
		2CA368222C359062009633A1 /* Models */ = {
			isa = PBXGroup;
			children = (
				2CA368232C359076009633A1 /* Tracker.swift */,
				2CA368252C359084009633A1 /* TrackerCategory.swift */,
				2CA368272C359093009633A1 /* TrackerRecord.swift */,
				2CA3682A2C359230009633A1 /* Weekdays.swift */,
				2C7F5F962C3AD1A200D83103 /* ConfigureModel.swift */,
				5C44E0AE2C5118380032C41A /* Collections.swift */,
				5C44E0BC2C5119130032C41A /* MainHelper.swift */,
				5C4978992C6014B100B4ABF1 /* Constants.swift */,
			);
			path = Models;
			sourceTree = "<group>";
		};
		2CC49A2B2C2D806C00B19F22 = {
			isa = PBXGroup;
			children = (
				5C4978942C60141C00B4ABF1 /* Onboarding */,
				5C44E0CD2C511D080032C41A /* Extensions */,
				5C44E0C42C511CD80032C41A /* CustomViews */,
				2C7F5F912C3ACC5B00D83103 /* CategoryViewController */,
				2C7F5F8E2C3AC7B000D83103 /* IrregularEventViewController */,
				2C2D6AB32C38995400CD5307 /* Schedule */,
				2C2D6AAB2C386C4700CD5307 /* HabitViewController */,
				2C2D6AA82C38468800CD5307 /* HabitOrEeventVC */,
				2CA368222C359062009633A1 /* Models */,
				5C44E0B62C5118860032C41A /* CoreData */,
				2CC688D72C3021C00009396E /* StatisticViewController */,
				2CC688D42C3021980009396E /* TrackerViewController */,
				2CC688D12C3021140009396E /* TabBarViewController */,
				2CC49A362C2D806C00B19F22 /* Tracker */,
				2CC49A352C2D806C00B19F22 /* Products */,
			);
			sourceTree = "<group>";
		};
		2CC49A352C2D806C00B19F22 /* Products */ = {
			isa = PBXGroup;
			children = (
				2CC49A342C2D806C00B19F22 /* Tracker.app */,
			);
			name = Products;
			sourceTree = "<group>";
		};
		2CC49A362C2D806C00B19F22 /* Tracker */ = {
			isa = PBXGroup;
			children = (
				2CC49A372C2D806C00B19F22 /* AppDelegate.swift */,
				2CC49A392C2D806C00B19F22 /* SceneDelegate.swift */,
				2CC49A3B2C2D806C00B19F22 /* ViewController.swift */,
				2CC49A402C2D806F00B19F22 /* Assets.xcassets */,
				2CC49A422C2D806F00B19F22 /* LaunchScreen.storyboard */,
				2CC49A452C2D806F00B19F22 /* Info.plist */,
			);
			path = Tracker;
			sourceTree = "<group>";
		};
		2CC688D12C3021140009396E /* TabBarViewController */ = {
			isa = PBXGroup;
			children = (
				2CC688D22C30213D0009396E /* TabBarViewController.swift */,
			);
			path = TabBarViewController;
			sourceTree = "<group>";
		};
		2CC688D42C3021980009396E /* TrackerViewController */ = {
			isa = PBXGroup;
			children = (
				2CC688D52C3021B60009396E /* TrackerViewController.swift */,
				2CA3682D2C35D113009633A1 /* TrackerViewCell.swift */,
				2CA3682F2C35D9E5009633A1 /* TrackerViewHeader.swift */,
			);
			path = TrackerViewController;
			sourceTree = "<group>";
		};
		2CC688D72C3021C00009396E /* StatisticViewController */ = {
			isa = PBXGroup;
			children = (
				2CC688D82C3021E70009396E /* StatisticViewController.swift */,
			);
			path = StatisticViewController;
			sourceTree = "<group>";
		};
		5C44E0B62C5118860032C41A /* CoreData */ = {
			isa = PBXGroup;
			children = (
				5C44E0C12C511B2C0032C41A /* TrackerCoreData.xcdatamodeld */,
				5C44E0B02C51185E0032C41A /* CoreDataManager.swift */,
				5C44E0B22C5118860032C41A /* TrackerCategoryCD.swift */,
				5C44E0B32C5118860032C41A /* TrackerCD.swift */,
				5C44E0B52C5118860032C41A /* TrackerRecordCD.swift */,
			);
			path = CoreData;
			sourceTree = "<group>";
		};
		5C44E0C42C511CD80032C41A /* CustomViews */ = {
			isa = PBXGroup;
			children = (
				5C44E0C52C511CF10032C41A /* CustomCategoryCell.swift */,
				5C44E0C72C511CF10032C41A /* CustomCollection.swift */,
				5C44E0C82C511CF20032C41A /* SupplementaryView.swift */,
				5C44E0C62C511CF10032C41A /* TestCollectionCell.swift */,
			);
			path = CustomViews;
			sourceTree = "<group>";
		};
		5C44E0CD2C511D080032C41A /* Extensions */ = {
			isa = PBXGroup;
			children = (
				5C44E0D02C511D190032C41A /* Notification.swift */,
				5C44E0CE2C511D190032C41A /* UIColor+Ext.swift */,
				5C44E0CF2C511D190032C41A /* UIView+Ext.swift */,
				73D60C7E2C522DF70015917E /* Int+Ext.swift */,
			);
			path = Extensions;
			sourceTree = "<group>";
		};
		5C49788A2C60126C00B4ABF1 /* ViewModel */ = {
			isa = PBXGroup;
			children = (
				5C49788B2C60128800B4ABF1 /* CategoryViewModelProtocol.swift */,
				5C49788D2C6012A900B4ABF1 /* CategoryViewModel.swift */,
			);
			path = ViewModel;
			sourceTree = "<group>";
		};
		5C49788F2C60130300B4ABF1 /* View */ = {
			isa = PBXGroup;
			children = (
				5C4978902C60131500B4ABF1 /* CategoryViewControllerProtocol.swift */,
				2C7F5F922C3ACC7900D83103 /* CategoryViewController.swift */,
				2C7F5F942C3ACDB900D83103 /* CreateCategoryVC.swift */,
			);
			path = View;
			sourceTree = "<group>";
		};
		5C4978942C60141C00B4ABF1 /* Onboarding */ = {
			isa = PBXGroup;
			children = (
				5C4978952C60143B00B4ABF1 /* OnboardingCustomVC.swift */,
				5C4978972C60145300B4ABF1 /* OnboardingVC.swift */,
			);
			path = Onboarding;
			sourceTree = "<group>";
		};
/* End PBXGroup section */

/* Begin PBXNativeTarget section */
		2CC49A332C2D806C00B19F22 /* Tracker */ = {
			isa = PBXNativeTarget;
			buildConfigurationList = 2CC49A482C2D806F00B19F22 /* Build configuration list for PBXNativeTarget "Tracker" */;
			buildPhases = (
				2CC49A302C2D806C00B19F22 /* Sources */,
				2CC49A312C2D806C00B19F22 /* Frameworks */,
				2CC49A322C2D806C00B19F22 /* Resources */,
			);
			buildRules = (
			);
			dependencies = (
			);
			name = Tracker;
			productName = Tracker;
			productReference = 2CC49A342C2D806C00B19F22 /* Tracker.app */;
			productType = "com.apple.product-type.application";
		};
/* End PBXNativeTarget section */

/* Begin PBXProject section */
		2CC49A2C2C2D806C00B19F22 /* Project object */ = {
			isa = PBXProject;
			attributes = {
				BuildIndependentTargetsInParallel = 1;
				LastSwiftUpdateCheck = 1520;
				LastUpgradeCheck = 1520;
				TargetAttributes = {
					2CC49A332C2D806C00B19F22 = {
						CreatedOnToolsVersion = 15.2;
					};
				};
			};
			buildConfigurationList = 2CC49A2F2C2D806C00B19F22 /* Build configuration list for PBXProject "Tracker" */;
			compatibilityVersion = "Xcode 14.0";
			developmentRegion = en;
			hasScannedForEncodings = 0;
			knownRegions = (
				en,
				Base,
			);
			mainGroup = 2CC49A2B2C2D806C00B19F22;
			productRefGroup = 2CC49A352C2D806C00B19F22 /* Products */;
			projectDirPath = "";
			projectRoot = "";
			targets = (
				2CC49A332C2D806C00B19F22 /* Tracker */,
			);
		};
/* End PBXProject section */

/* Begin PBXResourcesBuildPhase section */
		2CC49A322C2D806C00B19F22 /* Resources */ = {
			isa = PBXResourcesBuildPhase;
			buildActionMask = 2147483647;
			files = (
				2CC49A442C2D806F00B19F22 /* LaunchScreen.storyboard in Resources */,
				2CC49A412C2D806F00B19F22 /* Assets.xcassets in Resources */,
			);
			runOnlyForDeploymentPostprocessing = 0;
		};
/* End PBXResourcesBuildPhase section */

/* Begin PBXSourcesBuildPhase section */
		2CC49A302C2D806C00B19F22 /* Sources */ = {
			isa = PBXSourcesBuildPhase;
			buildActionMask = 2147483647;
			files = (
				5C44E0D22C511D190032C41A /* UIView+Ext.swift in Sources */,
				2CA3682B2C359230009633A1 /* Weekdays.swift in Sources */,
				5C4978932C60138800B4ABF1 /* HabitViewControllerDelegate.swift in Sources */,
				2CA3682E2C35D113009633A1 /* TrackerViewCell.swift in Sources */,
				2CC688D62C3021B60009396E /* TrackerViewController.swift in Sources */,
				5C44E0CB2C511CF20032C41A /* CustomCollection.swift in Sources */,
				5C44E0C32C511B2C0032C41A /* TrackerCoreData.xcdatamodeld in Sources */,
				5C44E0B82C5118860032C41A /* TrackerCategoryCD.swift in Sources */,
				5C49789A2C6014B100B4ABF1 /* Constants.swift in Sources */,
				5C44E0CC2C511CF20032C41A /* SupplementaryView.swift in Sources */,
				2C7F5F932C3ACC7900D83103 /* CategoryViewController.swift in Sources */,
				2C2D6AB52C38996E00CD5307 /* ScheduleViewController.swift in Sources */,
				5C49788E2C6012A900B4ABF1 /* CategoryViewModel.swift in Sources */,
				2CC688D32C30213D0009396E /* TabBarViewController.swift in Sources */,
				5C4978982C60145300B4ABF1 /* OnboardingVC.swift in Sources */,
				2C2D6AB72C389A6D00CD5307 /* ScheduleCell.swift in Sources */,
				2CA368262C359084009633A1 /* TrackerCategory.swift in Sources */,
				5C44E0B12C51185E0032C41A /* CoreDataManager.swift in Sources */,
				2CC49A3C2C2D806C00B19F22 /* ViewController.swift in Sources */,
				5C44E0BB2C5118860032C41A /* TrackerRecordCD.swift in Sources */,
				5C44E0D12C511D190032C41A /* UIColor+Ext.swift in Sources */,
				5C4978912C60131500B4ABF1 /* CategoryViewControllerProtocol.swift in Sources */,
				2CA368302C35D9E5009633A1 /* TrackerViewHeader.swift in Sources */,
				2CC688D92C3021E70009396E /* StatisticViewController.swift in Sources */,
				5C44E0CA2C511CF20032C41A /* TestCollectionCell.swift in Sources */,
				2C2D6AAF2C38886200CD5307 /* HabitOrEventSettingsCell.swift in Sources */,
				2C7F5F952C3ACDB900D83103 /* CreateCategoryVC.swift in Sources */,
				2CA368282C359093009633A1 /* TrackerRecord.swift in Sources */,
				73D60C7F2C522DF70015917E /* Int+Ext.swift in Sources */,
				2C2D6AAD2C386C5F00CD5307 /* HabitViewController.swift in Sources */,
				5C4978962C60143B00B4ABF1 /* OnboardingCustomVC.swift in Sources */,
				2C2D6AAA2C3846B900CD5307 /* HabitOrEventViewController.swift in Sources */,
				5C44E0BD2C5119130032C41A /* MainHelper.swift in Sources */,
				5C49788C2C60128800B4ABF1 /* CategoryViewModelProtocol.swift in Sources */,
				2CC49A382C2D806C00B19F22 /* AppDelegate.swift in Sources */,
				2CC49A3A2C2D806C00B19F22 /* SceneDelegate.swift in Sources */,
				5C44E0C92C511CF20032C41A /* CustomCategoryCell.swift in Sources */,
				2CA368242C359076009633A1 /* Tracker.swift in Sources */,
				2C7F5F972C3AD1A200D83103 /* ConfigureModel.swift in Sources */,
				5C44E0D32C511D190032C41A /* Notification.swift in Sources */,
				2C7F5F902C3AC7D400D83103 /* IrregularEventViewController.swift in Sources */,
				5C44E0B92C5118860032C41A /* TrackerCD.swift in Sources */,
				5C44E0AF2C5118380032C41A /* Collections.swift in Sources */,
			);
			runOnlyForDeploymentPostprocessing = 0;
		};
/* End PBXSourcesBuildPhase section */

/* Begin PBXVariantGroup section */
		2CC49A422C2D806F00B19F22 /* LaunchScreen.storyboard */ = {
			isa = PBXVariantGroup;
			children = (
				2CC49A432C2D806F00B19F22 /* Base */,
			);
			name = LaunchScreen.storyboard;
			sourceTree = "<group>";
		};
/* End PBXVariantGroup section */

/* Begin XCBuildConfiguration section */
		2CC49A462C2D806F00B19F22 /* Debug */ = {
			isa = XCBuildConfiguration;
			buildSettings = {
				ALWAYS_SEARCH_USER_PATHS = NO;
				ASSETCATALOG_COMPILER_GENERATE_SWIFT_ASSET_SYMBOL_EXTENSIONS = YES;
				CLANG_ANALYZER_NONNULL = YES;
				CLANG_ANALYZER_NUMBER_OBJECT_CONVERSION = YES_AGGRESSIVE;
				CLANG_CXX_LANGUAGE_STANDARD = "gnu++20";
				CLANG_ENABLE_MODULES = YES;
				CLANG_ENABLE_OBJC_ARC = YES;
				CLANG_ENABLE_OBJC_WEAK = YES;
				CLANG_WARN_BLOCK_CAPTURE_AUTORELEASING = YES;
				CLANG_WARN_BOOL_CONVERSION = YES;
				CLANG_WARN_COMMA = YES;
				CLANG_WARN_CONSTANT_CONVERSION = YES;
				CLANG_WARN_DEPRECATED_OBJC_IMPLEMENTATIONS = YES;
				CLANG_WARN_DIRECT_OBJC_ISA_USAGE = YES_ERROR;
				CLANG_WARN_DOCUMENTATION_COMMENTS = YES;
				CLANG_WARN_EMPTY_BODY = YES;
				CLANG_WARN_ENUM_CONVERSION = YES;
				CLANG_WARN_INFINITE_RECURSION = YES;
				CLANG_WARN_INT_CONVERSION = YES;
				CLANG_WARN_NON_LITERAL_NULL_CONVERSION = YES;
				CLANG_WARN_OBJC_IMPLICIT_RETAIN_SELF = YES;
				CLANG_WARN_OBJC_LITERAL_CONVERSION = YES;
				CLANG_WARN_OBJC_ROOT_CLASS = YES_ERROR;
				CLANG_WARN_QUOTED_INCLUDE_IN_FRAMEWORK_HEADER = YES;
				CLANG_WARN_RANGE_LOOP_ANALYSIS = YES;
				CLANG_WARN_STRICT_PROTOTYPES = YES;
				CLANG_WARN_SUSPICIOUS_MOVE = YES;
				CLANG_WARN_UNGUARDED_AVAILABILITY = YES_AGGRESSIVE;
				CLANG_WARN_UNREACHABLE_CODE = YES;
				CLANG_WARN__DUPLICATE_METHOD_MATCH = YES;
				COPY_PHASE_STRIP = NO;
				DEBUG_INFORMATION_FORMAT = dwarf;
				ENABLE_STRICT_OBJC_MSGSEND = YES;
				ENABLE_TESTABILITY = YES;
				ENABLE_USER_SCRIPT_SANDBOXING = YES;
				GCC_C_LANGUAGE_STANDARD = gnu17;
				GCC_DYNAMIC_NO_PIC = NO;
				GCC_NO_COMMON_BLOCKS = YES;
				GCC_OPTIMIZATION_LEVEL = 0;
				GCC_PREPROCESSOR_DEFINITIONS = (
					"DEBUG=1",
					"$(inherited)",
				);
				GCC_WARN_64_TO_32_BIT_CONVERSION = YES;
				GCC_WARN_ABOUT_RETURN_TYPE = YES_ERROR;
				GCC_WARN_UNDECLARED_SELECTOR = YES;
				GCC_WARN_UNINITIALIZED_AUTOS = YES_AGGRESSIVE;
				GCC_WARN_UNUSED_FUNCTION = YES;
				GCC_WARN_UNUSED_VARIABLE = YES;
				IPHONEOS_DEPLOYMENT_TARGET = 13.4;
				LOCALIZATION_PREFERS_STRING_CATALOGS = YES;
				MTL_ENABLE_DEBUG_INFO = INCLUDE_SOURCE;
				MTL_FAST_MATH = YES;
				ONLY_ACTIVE_ARCH = YES;
				SDKROOT = iphoneos;
				SWIFT_ACTIVE_COMPILATION_CONDITIONS = "DEBUG $(inherited)";
				SWIFT_OPTIMIZATION_LEVEL = "-Onone";
			};
			name = Debug;
		};
		2CC49A472C2D806F00B19F22 /* Release */ = {
			isa = XCBuildConfiguration;
			buildSettings = {
				ALWAYS_SEARCH_USER_PATHS = NO;
				ASSETCATALOG_COMPILER_GENERATE_SWIFT_ASSET_SYMBOL_EXTENSIONS = YES;
				CLANG_ANALYZER_NONNULL = YES;
				CLANG_ANALYZER_NUMBER_OBJECT_CONVERSION = YES_AGGRESSIVE;
				CLANG_CXX_LANGUAGE_STANDARD = "gnu++20";
				CLANG_ENABLE_MODULES = YES;
				CLANG_ENABLE_OBJC_ARC = YES;
				CLANG_ENABLE_OBJC_WEAK = YES;
				CLANG_WARN_BLOCK_CAPTURE_AUTORELEASING = YES;
				CLANG_WARN_BOOL_CONVERSION = YES;
				CLANG_WARN_COMMA = YES;
				CLANG_WARN_CONSTANT_CONVERSION = YES;
				CLANG_WARN_DEPRECATED_OBJC_IMPLEMENTATIONS = YES;
				CLANG_WARN_DIRECT_OBJC_ISA_USAGE = YES_ERROR;
				CLANG_WARN_DOCUMENTATION_COMMENTS = YES;
				CLANG_WARN_EMPTY_BODY = YES;
				CLANG_WARN_ENUM_CONVERSION = YES;
				CLANG_WARN_INFINITE_RECURSION = YES;
				CLANG_WARN_INT_CONVERSION = YES;
				CLANG_WARN_NON_LITERAL_NULL_CONVERSION = YES;
				CLANG_WARN_OBJC_IMPLICIT_RETAIN_SELF = YES;
				CLANG_WARN_OBJC_LITERAL_CONVERSION = YES;
				CLANG_WARN_OBJC_ROOT_CLASS = YES_ERROR;
				CLANG_WARN_QUOTED_INCLUDE_IN_FRAMEWORK_HEADER = YES;
				CLANG_WARN_RANGE_LOOP_ANALYSIS = YES;
				CLANG_WARN_STRICT_PROTOTYPES = YES;
				CLANG_WARN_SUSPICIOUS_MOVE = YES;
				CLANG_WARN_UNGUARDED_AVAILABILITY = YES_AGGRESSIVE;
				CLANG_WARN_UNREACHABLE_CODE = YES;
				CLANG_WARN__DUPLICATE_METHOD_MATCH = YES;
				COPY_PHASE_STRIP = NO;
				DEBUG_INFORMATION_FORMAT = "dwarf-with-dsym";
				ENABLE_NS_ASSERTIONS = NO;
				ENABLE_STRICT_OBJC_MSGSEND = YES;
				ENABLE_USER_SCRIPT_SANDBOXING = YES;
				GCC_C_LANGUAGE_STANDARD = gnu17;
				GCC_NO_COMMON_BLOCKS = YES;
				GCC_WARN_64_TO_32_BIT_CONVERSION = YES;
				GCC_WARN_ABOUT_RETURN_TYPE = YES_ERROR;
				GCC_WARN_UNDECLARED_SELECTOR = YES;
				GCC_WARN_UNINITIALIZED_AUTOS = YES_AGGRESSIVE;
				GCC_WARN_UNUSED_FUNCTION = YES;
				GCC_WARN_UNUSED_VARIABLE = YES;
				IPHONEOS_DEPLOYMENT_TARGET = 13.4;
				LOCALIZATION_PREFERS_STRING_CATALOGS = YES;
				MTL_ENABLE_DEBUG_INFO = NO;
				MTL_FAST_MATH = YES;
				SDKROOT = iphoneos;
				SWIFT_COMPILATION_MODE = wholemodule;
				VALIDATE_PRODUCT = YES;
			};
			name = Release;
		};
		2CC49A492C2D806F00B19F22 /* Debug */ = {
			isa = XCBuildConfiguration;
			buildSettings = {
				ASSETCATALOG_COMPILER_APPICON_NAME = AppIcon;
				ASSETCATALOG_COMPILER_GLOBAL_ACCENT_COLOR_NAME = AccentColor;
				CODE_SIGN_STYLE = Automatic;
				CURRENT_PROJECT_VERSION = 1;
				DEVELOPMENT_TEAM = N374TQ32QB;
				GENERATE_INFOPLIST_FILE = YES;
				INFOPLIST_FILE = Tracker/Info.plist;
				INFOPLIST_KEY_UIApplicationSupportsIndirectInputEvents = YES;
				INFOPLIST_KEY_UILaunchStoryboardName = LaunchScreen;
				INFOPLIST_KEY_UISupportedInterfaceOrientations = UIInterfaceOrientationPortrait;
				IPHONEOS_DEPLOYMENT_TARGET = 13.4;
				LD_RUNPATH_SEARCH_PATHS = (
					"$(inherited)",
					"@executable_path/Frameworks",
				);
				MARKETING_VERSION = 1.0;
				PRODUCT_BUNDLE_IDENTIFIER = ru.ivan530i.Tracker;
				PRODUCT_NAME = "$(TARGET_NAME)";
				SUPPORTED_PLATFORMS = "iphoneos iphonesimulator";
				SUPPORTS_MACCATALYST = NO;
				SUPPORTS_MAC_DESIGNED_FOR_IPHONE_IPAD = NO;
				SUPPORTS_XR_DESIGNED_FOR_IPHONE_IPAD = NO;
				SWIFT_EMIT_LOC_STRINGS = YES;
				SWIFT_VERSION = 5.0;
				TARGETED_DEVICE_FAMILY = 1;
			};
			name = Debug;
		};
		2CC49A4A2C2D806F00B19F22 /* Release */ = {
			isa = XCBuildConfiguration;
			buildSettings = {
				ASSETCATALOG_COMPILER_APPICON_NAME = AppIcon;
				ASSETCATALOG_COMPILER_GLOBAL_ACCENT_COLOR_NAME = AccentColor;
				CODE_SIGN_STYLE = Automatic;
				CURRENT_PROJECT_VERSION = 1;
				DEVELOPMENT_TEAM = N374TQ32QB;
				GENERATE_INFOPLIST_FILE = YES;
				INFOPLIST_FILE = Tracker/Info.plist;
				INFOPLIST_KEY_UIApplicationSupportsIndirectInputEvents = YES;
				INFOPLIST_KEY_UILaunchStoryboardName = LaunchScreen;
				INFOPLIST_KEY_UISupportedInterfaceOrientations = UIInterfaceOrientationPortrait;
				IPHONEOS_DEPLOYMENT_TARGET = 13.4;
				LD_RUNPATH_SEARCH_PATHS = (
					"$(inherited)",
					"@executable_path/Frameworks",
				);
				MARKETING_VERSION = 1.0;
				PRODUCT_BUNDLE_IDENTIFIER = ru.ivan530i.Tracker;
				PRODUCT_NAME = "$(TARGET_NAME)";
				SUPPORTED_PLATFORMS = "iphoneos iphonesimulator";
				SUPPORTS_MACCATALYST = NO;
				SUPPORTS_MAC_DESIGNED_FOR_IPHONE_IPAD = NO;
				SUPPORTS_XR_DESIGNED_FOR_IPHONE_IPAD = NO;
				SWIFT_EMIT_LOC_STRINGS = YES;
				SWIFT_VERSION = 5.0;
				TARGETED_DEVICE_FAMILY = 1;
			};
			name = Release;
		};
/* End XCBuildConfiguration section */

/* Begin XCConfigurationList section */
		2CC49A2F2C2D806C00B19F22 /* Build configuration list for PBXProject "Tracker" */ = {
			isa = XCConfigurationList;
			buildConfigurations = (
				2CC49A462C2D806F00B19F22 /* Debug */,
				2CC49A472C2D806F00B19F22 /* Release */,
			);
			defaultConfigurationIsVisible = 0;
			defaultConfigurationName = Release;
		};
		2CC49A482C2D806F00B19F22 /* Build configuration list for PBXNativeTarget "Tracker" */ = {
			isa = XCConfigurationList;
			buildConfigurations = (
				2CC49A492C2D806F00B19F22 /* Debug */,
				2CC49A4A2C2D806F00B19F22 /* Release */,
			);
			defaultConfigurationIsVisible = 0;
			defaultConfigurationName = Release;
		};
/* End XCConfigurationList section */

/* Begin XCVersionGroup section */
		5C44E0C12C511B2C0032C41A /* TrackerCoreData.xcdatamodeld */ = {
			isa = XCVersionGroup;
			children = (
				5C44E0C22C511B2C0032C41A /* TrackerCoreData.xcdatamodel */,
			);
			currentVersion = 5C44E0C22C511B2C0032C41A /* TrackerCoreData.xcdatamodel */;
			name = TrackerCoreData.xcdatamodeld;
			path = ../TrackerCoreData.xcdatamodeld;
			sourceTree = "<group>";
			versionGroupType = wrapper.xcdatamodel;
		};
/* End XCVersionGroup section */
	};
	rootObject = 2CC49A2C2C2D806C00B19F22 /* Project object */;
}
